// !$*UTF8*$!
{
	archiveVersion = 1;
	classes = {
	};
	objectVersion = 77;
	objects = {

/* Begin PBXContainerItemProxy section */
		3FA3ED6E2D9965F40043821F /* PBXContainerItemProxy */ = {
			isa = PBXContainerItemProxy;
			containerPortal = 3FA3ED532D9965F30043821F /* Project object */;
			proxyType = 1;
			remoteGlobalIDString = 3FA3ED5A2D9965F30043821F;
			remoteInfo = ChineseCharacters;
		};
		3FA3ED782D9965F40043821F /* PBXContainerItemProxy */ = {
			isa = PBXContainerItemProxy;
			containerPortal = 3FA3ED532D9965F30043821F /* Project object */;
			proxyType = 1;
			remoteGlobalIDString = 3FA3ED5A2D9965F30043821F;
			remoteInfo = ChineseCharacters;
		};
/* End PBXContainerItemProxy section */

/* Begin PBXFileReference section */
		3FA3ED5B2D9965F30043821F /* ChineseCharacters.app */ = {isa = PBXFileReference; explicitFileType = wrapper.application; includeInIndex = 0; path = ChineseCharacters.app; sourceTree = BUILT_PRODUCTS_DIR; };
		3FA3ED6D2D9965F40043821F /* ChineseCharactersTests.xctest */ = {isa = PBXFileReference; explicitFileType = wrapper.cfbundle; includeInIndex = 0; path = ChineseCharactersTests.xctest; sourceTree = BUILT_PRODUCTS_DIR; };
		3FA3ED772D9965F40043821F /* ChineseCharactersUITests.xctest */ = {isa = PBXFileReference; explicitFileType = wrapper.cfbundle; includeInIndex = 0; path = ChineseCharactersUITests.xctest; sourceTree = BUILT_PRODUCTS_DIR; };
/* End PBXFileReference section */

/* Begin PBXFileSystemSynchronizedRootGroup section */
		3FA3ED5D2D9965F30043821F /* ChineseCharacters */ = {
			isa = PBXFileSystemSynchronizedRootGroup;
			path = ChineseCharacters;
			sourceTree = "<group>";
		};
		3FA3ED702D9965F40043821F /* ChineseCharactersTests */ = {
			isa = PBXFileSystemSynchronizedRootGroup;
			path = ChineseCharactersTests;
			sourceTree = "<group>";
		};
		3FA3ED7A2D9965F40043821F /* ChineseCharactersUITests */ = {
			isa = PBXFileSystemSynchronizedRootGroup;
			path = ChineseCharactersUITests;
			sourceTree = "<group>";
		};
/* End PBXFileSystemSynchronizedRootGroup section */

/* Begin PBXFrameworksBuildPhase section */
		3FA3ED582D9965F30043821F /* Frameworks */ = {
			isa = PBXFrameworksBuildPhase;
			buildActionMask = 2147483647;
			files = (
			);
			runOnlyForDeploymentPostprocessing = 0;
		};
		3FA3ED6A2D9965F40043821F /* Frameworks */ = {
			isa = PBXFrameworksBuildPhase;
			buildActionMask = 2147483647;
			files = (
			);
			runOnlyForDeploymentPostprocessing = 0;
		};
		3FA3ED742D9965F40043821F /* Frameworks */ = {
			isa = PBXFrameworksBuildPhase;
			buildActionMask = 2147483647;
			files = (
			);
			runOnlyForDeploymentPostprocessing = 0;
		};
/* End PBXFrameworksBuildPhase section */

/* Begin PBXGroup section */
		3FA3ED522D9965F30043821F = {
			isa = PBXGroup;
			children = (
				3FA3ED5D2D9965F30043821F /* ChineseCharacters */,
				3FA3ED702D9965F40043821F /* ChineseCharactersTests */,
				3FA3ED7A2D9965F40043821F /* ChineseCharactersUITests */,
				3FA3ED5C2D9965F30043821F /* Products */,
			);
			sourceTree = "<group>";
		};
		3FA3ED5C2D9965F30043821F /* Products */ = {
			isa = PBXGroup;
			children = (
				3FA3ED5B2D9965F30043821F /* ChineseCharacters.app */,
				3FA3ED6D2D9965F40043821F /* ChineseCharactersTests.xctest */,
				3FA3ED772D9965F40043821F /* ChineseCharactersUITests.xctest */,
			);
			name = Products;
			sourceTree = "<group>";
		};
/* End PBXGroup section */

/* Begin PBXNativeTarget section */
		3FA3ED5A2D9965F30043821F /* ChineseCharacters */ = {
			isa = PBXNativeTarget;
			buildConfigurationList = 3FA3ED812D9965F40043821F /* Build configuration list for PBXNativeTarget "ChineseCharacters" */;
			buildPhases = (
				3FA3ED572D9965F30043821F /* Sources */,
				3FA3ED582D9965F30043821F /* Frameworks */,
				3FA3ED592D9965F30043821F /* Resources */,
			);
			buildRules = (
			);
			dependencies = (
			);
			fileSystemSynchronizedGroups = (
				3FA3ED5D2D9965F30043821F /* ChineseCharacters */,
			);
			name = ChineseCharacters;
			packageProductDependencies = (
			);
			productName = ChineseCharacters;
			productReference = 3FA3ED5B2D9965F30043821F /* ChineseCharacters.app */;
			productType = "com.apple.product-type.application";
		};
		3FA3ED6C2D9965F40043821F /* ChineseCharactersTests */ = {
			isa = PBXNativeTarget;
			buildConfigurationList = 3FA3ED842D9965F40043821F /* Build configuration list for PBXNativeTarget "ChineseCharactersTests" */;
			buildPhases = (
				3FA3ED692D9965F40043821F /* Sources */,
				3FA3ED6A2D9965F40043821F /* Frameworks */,
				3FA3ED6B2D9965F40043821F /* Resources */,
			);
			buildRules = (
			);
			dependencies = (
				3FA3ED6F2D9965F40043821F /* PBXTargetDependency */,
			);
			fileSystemSynchronizedGroups = (
				3FA3ED702D9965F40043821F /* ChineseCharactersTests */,
			);
			name = ChineseCharactersTests;
			packageProductDependencies = (
			);
			productName = ChineseCharactersTests;
			productReference = 3FA3ED6D2D9965F40043821F /* ChineseCharactersTests.xctest */;
			productType = "com.apple.product-type.bundle.unit-test";
		};
		3FA3ED762D9965F40043821F /* ChineseCharactersUITests */ = {
			isa = PBXNativeTarget;
			buildConfigurationList = 3FA3ED872D9965F40043821F /* Build configuration list for PBXNativeTarget "ChineseCharactersUITests" */;
			buildPhases = (
				3FA3ED732D9965F40043821F /* Sources */,
				3FA3ED742D9965F40043821F /* Frameworks */,
				3FA3ED752D9965F40043821F /* Resources */,
			);
			buildRules = (
			);
			dependencies = (
				3FA3ED792D9965F40043821F /* PBXTargetDependency */,
			);
			fileSystemSynchronizedGroups = (
				3FA3ED7A2D9965F40043821F /* ChineseCharactersUITests */,
			);
			name = ChineseCharactersUITests;
			packageProductDependencies = (
			);
			productName = ChineseCharactersUITests;
			productReference = 3FA3ED772D9965F40043821F /* ChineseCharactersUITests.xctest */;
			productType = "com.apple.product-type.bundle.ui-testing";
		};
/* End PBXNativeTarget section */

/* Begin PBXProject section */
		3FA3ED532D9965F30043821F /* Project object */ = {
			isa = PBXProject;
			attributes = {
				BuildIndependentTargetsInParallel = 1;
				LastSwiftUpdateCheck = 1620;
				LastUpgradeCheck = 1620;
				TargetAttributes = {
					3FA3ED5A2D9965F30043821F = {
						CreatedOnToolsVersion = 16.2;
					};
					3FA3ED6C2D9965F40043821F = {
						CreatedOnToolsVersion = 16.2;
						TestTargetID = 3FA3ED5A2D9965F30043821F;
					};
					3FA3ED762D9965F40043821F = {
						CreatedOnToolsVersion = 16.2;
						TestTargetID = 3FA3ED5A2D9965F30043821F;
					};
				};
			};
			buildConfigurationList = 3FA3ED562D9965F30043821F /* Build configuration list for PBXProject "ChineseCharacters" */;
			developmentRegion = en;
			hasScannedForEncodings = 0;
			knownRegions = (
				en,
				Base,
			);
			mainGroup = 3FA3ED522D9965F30043821F;
			minimizedProjectReferenceProxies = 1;
			preferredProjectObjectVersion = 77;
			productRefGroup = 3FA3ED5C2D9965F30043821F /* Products */;
			projectDirPath = "";
			projectRoot = "";
			targets = (
				3FA3ED5A2D9965F30043821F /* ChineseCharacters */,
				3FA3ED6C2D9965F40043821F /* ChineseCharactersTests */,
				3FA3ED762D9965F40043821F /* ChineseCharactersUITests */,
			);
		};
/* End PBXProject section */

/* Begin PBXResourcesBuildPhase section */
		3FA3ED592D9965F30043821F /* Resources */ = {
			isa = PBXResourcesBuildPhase;
			buildActionMask = 2147483647;
			files = (
			);
			runOnlyForDeploymentPostprocessing = 0;
		};
		3FA3ED6B2D9965F40043821F /* Resources */ = {
			isa = PBXResourcesBuildPhase;
			buildActionMask = 2147483647;
			files = (
			);
			runOnlyForDeploymentPostprocessing = 0;
		};
		3FA3ED752D9965F40043821F /* Resources */ = {
			isa = PBXResourcesBuildPhase;
			buildActionMask = 2147483647;
			files = (
			);
			runOnlyForDeploymentPostprocessing = 0;
		};
/* End PBXResourcesBuildPhase section */

/* Begin PBXSourcesBuildPhase section */
		3FA3ED572D9965F30043821F /* Sources */ = {
			isa = PBXSourcesBuildPhase;
			buildActionMask = 2147483647;
			files = (
			);
			runOnlyForDeploymentPostprocessing = 0;
		};
		3FA3ED692D9965F40043821F /* Sources */ = {
			isa = PBXSourcesBuildPhase;
			buildActionMask = 2147483647;
			files = (
			);
			runOnlyForDeploymentPostprocessing = 0;
		};
		3FA3ED732D9965F40043821F /* Sources */ = {
			isa = PBXSourcesBuildPhase;
			buildActionMask = 2147483647;
			files = (
			);
			runOnlyForDeploymentPostprocessing = 0;
		};
/* End PBXSourcesBuildPhase section */

/* Begin PBXTargetDependency section */
		3FA3ED6F2D9965F40043821F /* PBXTargetDependency */ = {
			isa = PBXTargetDependency;
			target = 3FA3ED5A2D9965F30043821F /* ChineseCharacters */;
			targetProxy = 3FA3ED6E2D9965F40043821F /* PBXContainerItemProxy */;
		};
		3FA3ED792D9965F40043821F /* PBXTargetDependency */ = {
			isa = PBXTargetDependency;
			target = 3FA3ED5A2D9965F30043821F /* ChineseCharacters */;
			targetProxy = 3FA3ED782D9965F40043821F /* PBXContainerItemProxy */;
		};
/* End PBXTargetDependency section */

/* Begin XCBuildConfiguration section */
		3FA3ED7F2D9965F40043821F /* Debug */ = {
			isa = XCBuildConfiguration;
			buildSettings = {
				ALWAYS_SEARCH_USER_PATHS = NO;
				ASSETCATALOG_COMPILER_GENERATE_SWIFT_ASSET_SYMBOL_EXTENSIONS = YES;
				CLANG_ANALYZER_NONNULL = YES;
				CLANG_ANALYZER_NUMBER_OBJECT_CONVERSION = YES_AGGRESSIVE;
				CLANG_CXX_LANGUAGE_STANDARD = "gnu++20";
				CLANG_ENABLE_MODULES = YES;
				CLANG_ENABLE_OBJC_ARC = YES;
				CLANG_ENABLE_OBJC_WEAK = YES;
				CLANG_WARN_BLOCK_CAPTURE_AUTORELEASING = YES;
				CLANG_WARN_BOOL_CONVERSION = YES;
				CLANG_WARN_COMMA = YES;
				CLANG_WARN_CONSTANT_CONVERSION = YES;
				CLANG_WARN_DEPRECATED_OBJC_IMPLEMENTATIONS = YES;
				CLANG_WARN_DIRECT_OBJC_ISA_USAGE = YES_ERROR;
				CLANG_WARN_DOCUMENTATION_COMMENTS = YES;
				CLANG_WARN_EMPTY_BODY = YES;
				CLANG_WARN_ENUM_CONVERSION = YES;
				CLANG_WARN_INFINITE_RECURSION = YES;
				CLANG_WARN_INT_CONVERSION = YES;
				CLANG_WARN_NON_LITERAL_NULL_CONVERSION = YES;
				CLANG_WARN_OBJC_IMPLICIT_RETAIN_SELF = YES;
				CLANG_WARN_OBJC_LITERAL_CONVERSION = YES;
				CLANG_WARN_OBJC_ROOT_CLASS = YES_ERROR;
				CLANG_WARN_QUOTED_INCLUDE_IN_FRAMEWORK_HEADER = YES;
				CLANG_WARN_RANGE_LOOP_ANALYSIS = YES;
				CLANG_WARN_STRICT_PROTOTYPES = YES;
				CLANG_WARN_SUSPICIOUS_MOVE = YES;
				CLANG_WARN_UNGUARDED_AVAILABILITY = YES_AGGRESSIVE;
				CLANG_WARN_UNREACHABLE_CODE = YES;
				CLANG_WARN__DUPLICATE_METHOD_MATCH = YES;
				COPY_PHASE_STRIP = NO;
				DEBUG_INFORMATION_FORMAT = dwarf;
				ENABLE_STRICT_OBJC_MSGSEND = YES;
				ENABLE_TESTABILITY = YES;
				ENABLE_USER_SCRIPT_SANDBOXING = YES;
				GCC_C_LANGUAGE_STANDARD = gnu17;
				GCC_DYNAMIC_NO_PIC = NO;
				GCC_NO_COMMON_BLOCKS = YES;
				GCC_OPTIMIZATION_LEVEL = 0;
				GCC_PREPROCESSOR_DEFINITIONS = (
					"DEBUG=1",
					"$(inherited)",
				);
				GCC_WARN_64_TO_32_BIT_CONVERSION = YES;
				GCC_WARN_ABOUT_RETURN_TYPE = YES_ERROR;
				GCC_WARN_UNDECLARED_SELECTOR = YES;
				GCC_WARN_UNINITIALIZED_AUTOS = YES_AGGRESSIVE;
				GCC_WARN_UNUSED_FUNCTION = YES;
				GCC_WARN_UNUSED_VARIABLE = YES;
				IPHONEOS_DEPLOYMENT_TARGET = 18.2;
				LOCALIZATION_PREFERS_STRING_CATALOGS = YES;
				MTL_ENABLE_DEBUG_INFO = INCLUDE_SOURCE;
				MTL_FAST_MATH = YES;
				ONLY_ACTIVE_ARCH = YES;
				SDKROOT = iphoneos;
				SWIFT_ACTIVE_COMPILATION_CONDITIONS = "DEBUG $(inherited)";
				SWIFT_OPTIMIZATION_LEVEL = "-Onone";
			};
			name = Debug;
		};
		3FA3ED802D9965F40043821F /* Release */ = {
			isa = XCBuildConfiguration;
			buildSettings = {
				ALWAYS_SEARCH_USER_PATHS = NO;
				ASSETCATALOG_COMPILER_GENERATE_SWIFT_ASSET_SYMBOL_EXTENSIONS = YES;
				CLANG_ANALYZER_NONNULL = YES;
				CLANG_ANALYZER_NUMBER_OBJECT_CONVERSION = YES_AGGRESSIVE;
				CLANG_CXX_LANGUAGE_STANDARD = "gnu++20";
				CLANG_ENABLE_MODULES = YES;
				CLANG_ENABLE_OBJC_ARC = YES;
				CLANG_ENABLE_OBJC_WEAK = YES;
				CLANG_WARN_BLOCK_CAPTURE_AUTORELEASING = YES;
				CLANG_WARN_BOOL_CONVERSION = YES;
				CLANG_WARN_COMMA = YES;
				CLANG_WARN_CONSTANT_CONVERSION = YES;
				CLANG_WARN_DEPRECATED_OBJC_IMPLEMENTATIONS = YES;
				CLANG_WARN_DIRECT_OBJC_ISA_USAGE = YES_ERROR;
				CLANG_WARN_DOCUMENTATION_COMMENTS = YES;
				CLANG_WARN_EMPTY_BODY = YES;
				CLANG_WARN_ENUM_CONVERSION = YES;
				CLANG_WARN_INFINITE_RECURSION = YES;
				CLANG_WARN_INT_CONVERSION = YES;
				CLANG_WARN_NON_LITERAL_NULL_CONVERSION = YES;
				CLANG_WARN_OBJC_IMPLICIT_RETAIN_SELF = YES;
				CLANG_WARN_OBJC_LITERAL_CONVERSION = YES;
				CLANG_WARN_OBJC_ROOT_CLASS = YES_ERROR;
				CLANG_WARN_QUOTED_INCLUDE_IN_FRAMEWORK_HEADER = YES;
				CLANG_WARN_RANGE_LOOP_ANALYSIS = YES;
				CLANG_WARN_STRICT_PROTOTYPES = YES;
				CLANG_WARN_SUSPICIOUS_MOVE = YES;
				CLANG_WARN_UNGUARDED_AVAILABILITY = YES_AGGRESSIVE;
				CLANG_WARN_UNREACHABLE_CODE = YES;
				CLANG_WARN__DUPLICATE_METHOD_MATCH = YES;
				COPY_PHASE_STRIP = NO;
				DEBUG_INFORMATION_FORMAT = "dwarf-with-dsym";
				ENABLE_NS_ASSERTIONS = NO;
				ENABLE_STRICT_OBJC_MSGSEND = YES;
				ENABLE_USER_SCRIPT_SANDBOXING = YES;
				GCC_C_LANGUAGE_STANDARD = gnu17;
				GCC_NO_COMMON_BLOCKS = YES;
				GCC_WARN_64_TO_32_BIT_CONVERSION = YES;
				GCC_WARN_ABOUT_RETURN_TYPE = YES_ERROR;
				GCC_WARN_UNDECLARED_SELECTOR = YES;
				GCC_WARN_UNINITIALIZED_AUTOS = YES_AGGRESSIVE;
				GCC_WARN_UNUSED_FUNCTION = YES;
				GCC_WARN_UNUSED_VARIABLE = YES;
				IPHONEOS_DEPLOYMENT_TARGET = 18.2;
				LOCALIZATION_PREFERS_STRING_CATALOGS = YES;
				MTL_ENABLE_DEBUG_INFO = NO;
				MTL_FAST_MATH = YES;
				SDKROOT = iphoneos;
				SWIFT_COMPILATION_MODE = wholemodule;
				VALIDATE_PRODUCT = YES;
			};
			name = Release;
		};
		3FA3ED822D9965F40043821F /* Debug */ = {
			isa = XCBuildConfiguration;
			buildSettings = {
				ASSETCATALOG_COMPILER_APPICON_NAME = AppIcon;
				ASSETCATALOG_COMPILER_GLOBAL_ACCENT_COLOR_NAME = AccentColor;
				CODE_SIGN_STYLE = Automatic;
				CURRENT_PROJECT_VERSION = 1;
				DEVELOPMENT_ASSET_PATHS = "\"ChineseCharacters/Preview Content\"";
				DEVELOPMENT_TEAM = HKXZTH4YA3;
				ENABLE_PREVIEWS = YES;
				GENERATE_INFOPLIST_FILE = YES;
				INFOPLIST_KEY_UIApplicationSceneManifest_Generation = YES;
				INFOPLIST_KEY_UIApplicationSupportsIndirectInputEvents = YES;
				INFOPLIST_KEY_UILaunchScreen_Generation = YES;
				INFOPLIST_KEY_UISupportedInterfaceOrientations_iPad = "UIInterfaceOrientationPortrait UIInterfaceOrientationPortraitUpsideDown UIInterfaceOrientationLandscapeLeft UIInterfaceOrientationLandscapeRight";
				INFOPLIST_KEY_UISupportedInterfaceOrientations_iPhone = "UIInterfaceOrientationPortrait UIInterfaceOrientationLandscapeLeft UIInterfaceOrientationLandscapeRight";
				LD_RUNPATH_SEARCH_PATHS = (
					"$(inherited)",
					"@executable_path/Frameworks",
				);
				MARKETING_VERSION = 1.0;
				PRODUCT_BUNDLE_IDENTIFIER = com.andypham.ChineseCharacters;
				PRODUCT_NAME = "$(TARGET_NAME)";
				SWIFT_EMIT_LOC_STRINGS = YES;
				SWIFT_VERSION = 5.0;
				TARGETED_DEVICE_FAMILY = "1,2";
			};
			name = Debug;
		};
		3FA3ED832D9965F40043821F /* Release */ = {
			isa = XCBuildConfiguration;
			buildSettings = {
				ASSETCATALOG_COMPILER_APPICON_NAME = AppIcon;
				ASSETCATALOG_COMPILER_GLOBAL_ACCENT_COLOR_NAME = AccentColor;
				CODE_SIGN_STYLE = Automatic;
				CURRENT_PROJECT_VERSION = 1;
				DEVELOPMENT_ASSET_PATHS = "\"ChineseCharacters/Preview Content\"";
				DEVELOPMENT_TEAM = HKXZTH4YA3;
				ENABLE_PREVIEWS = YES;
				GENERATE_INFOPLIST_FILE = YES;
				INFOPLIST_KEY_UIApplicationSceneManifest_Generation = YES;
				INFOPLIST_KEY_UIApplicationSupportsIndirectInputEvents = YES;
				INFOPLIST_KEY_UILaunchScreen_Generation = YES;
				INFOPLIST_KEY_UISupportedInterfaceOrientations_iPad = "UIInterfaceOrientationPortrait UIInterfaceOrientationPortraitUpsideDown UIInterfaceOrientationLandscapeLeft UIInterfaceOrientationLandscapeRight";
				INFOPLIST_KEY_UISupportedInterfaceOrientations_iPhone = "UIInterfaceOrientationPortrait UIInterfaceOrientationLandscapeLeft UIInterfaceOrientationLandscapeRight";
				LD_RUNPATH_SEARCH_PATHS = (
					"$(inherited)",
					"@executable_path/Frameworks",
				);
				MARKETING_VERSION = 1.0;
				PRODUCT_BUNDLE_IDENTIFIER = com.andypham.ChineseCharacters;
				PRODUCT_NAME = "$(TARGET_NAME)";
				SWIFT_EMIT_LOC_STRINGS = YES;
				SWIFT_VERSION = 5.0;
				TARGETED_DEVICE_FAMILY = "1,2";
			};
			name = Release;
		};
		3FA3ED852D9965F40043821F /* Debug */ = {
			isa = XCBuildConfiguration;
			buildSettings = {
				BUNDLE_LOADER = "$(TEST_HOST)";
				CODE_SIGN_STYLE = Automatic;
				CURRENT_PROJECT_VERSION = 1;
				DEVELOPMENT_TEAM = HKXZTH4YA3;
				GENERATE_INFOPLIST_FILE = YES;
				IPHONEOS_DEPLOYMENT_TARGET = 18.2;
				MARKETING_VERSION = 1.0;
				PRODUCT_BUNDLE_IDENTIFIER = com.andypham.ChineseCharactersTests;
				PRODUCT_NAME = "$(TARGET_NAME)";
				SWIFT_EMIT_LOC_STRINGS = NO;
				SWIFT_VERSION = 5.0;
				TARGETED_DEVICE_FAMILY = "1,2";
				TEST_HOST = "$(BUILT_PRODUCTS_DIR)/ChineseCharacters.app/$(BUNDLE_EXECUTABLE_FOLDER_PATH)/ChineseCharacters";
			};
			name = Debug;
		};
		3FA3ED862D9965F40043821F /* Release */ = {
			isa = XCBuildConfiguration;
			buildSettings = {
				BUNDLE_LOADER = "$(TEST_HOST)";
				CODE_SIGN_STYLE = Automatic;
				CURRENT_PROJECT_VERSION = 1;
				DEVELOPMENT_TEAM = HKXZTH4YA3;
				GENERATE_INFOPLIST_FILE = YES;
				IPHONEOS_DEPLOYMENT_TARGET = 18.2;
				MARKETING_VERSION = 1.0;
				PRODUCT_BUNDLE_IDENTIFIER = com.andypham.ChineseCharactersTests;
				PRODUCT_NAME = "$(TARGET_NAME)";
				SWIFT_EMIT_LOC_STRINGS = NO;
				SWIFT_VERSION = 5.0;
				TARGETED_DEVICE_FAMILY = "1,2";
				TEST_HOST = "$(BUILT_PRODUCTS_DIR)/ChineseCharacters.app/$(BUNDLE_EXECUTABLE_FOLDER_PATH)/ChineseCharacters";
			};
			name = Release;
		};
		3FA3ED882D9965F40043821F /* Debug */ = {
			isa = XCBuildConfiguration;
			buildSettings = {
				CODE_SIGN_STYLE = Automatic;
				CURRENT_PROJECT_VERSION = 1;
				DEVELOPMENT_TEAM = HKXZTH4YA3;
				GENERATE_INFOPLIST_FILE = YES;
				MARKETING_VERSION = 1.0;
				PRODUCT_BUNDLE_IDENTIFIER = com.andypham.ChineseCharactersUITests;
				PRODUCT_NAME = "$(TARGET_NAME)";
				SWIFT_EMIT_LOC_STRINGS = NO;
				SWIFT_VERSION = 5.0;
				TARGETED_DEVICE_FAMILY = "1,2";
				TEST_TARGET_NAME = ChineseCharacters;
			};
			name = Debug;
		};
		3FA3ED892D9965F40043821F /* Release */ = {
			isa = XCBuildConfiguration;
			buildSettings = {
				CODE_SIGN_STYLE = Automatic;
				CURRENT_PROJECT_VERSION = 1;
				DEVELOPMENT_TEAM = HKXZTH4YA3;
				GENERATE_INFOPLIST_FILE = YES;
				MARKETING_VERSION = 1.0;
				PRODUCT_BUNDLE_IDENTIFIER = com.andypham.ChineseCharactersUITests;
				PRODUCT_NAME = "$(TARGET_NAME)";
				SWIFT_EMIT_LOC_STRINGS = NO;
				SWIFT_VERSION = 5.0;
				TARGETED_DEVICE_FAMILY = "1,2";
				TEST_TARGET_NAME = ChineseCharacters;
			};
			name = Release;
		};
/* End XCBuildConfiguration section */

/* Begin XCConfigurationList section */
		3FA3ED562D9965F30043821F /* Build configuration list for PBXProject "ChineseCharacters" */ = {
			isa = XCConfigurationList;
			buildConfigurations = (
				3FA3ED7F2D9965F40043821F /* Debug */,
				3FA3ED802D9965F40043821F /* Release */,
			);
			defaultConfigurationIsVisible = 0;
			defaultConfigurationName = Release;
		};
		3FA3ED812D9965F40043821F /* Build configuration list for PBXNativeTarget "ChineseCharacters" */ = {
			isa = XCConfigurationList;
			buildConfigurations = (
				3FA3ED822D9965F40043821F /* Debug */,
				3FA3ED832D9965F40043821F /* Release */,
			);
			defaultConfigurationIsVisible = 0;
			defaultConfigurationName = Release;
		};
		3FA3ED842D9965F40043821F /* Build configuration list for PBXNativeTarget "ChineseCharactersTests" */ = {
			isa = XCConfigurationList;
			buildConfigurations = (
				3FA3ED852D9965F40043821F /* Debug */,
				3FA3ED862D9965F40043821F /* Release */,
			);
			defaultConfigurationIsVisible = 0;
			defaultConfigurationName = Release;
		};
		3FA3ED872D9965F40043821F /* Build configuration list for PBXNativeTarget "ChineseCharactersUITests" */ = {
			isa = XCConfigurationList;
			buildConfigurations = (
				3FA3ED882D9965F40043821F /* Debug */,
				3FA3ED892D9965F40043821F /* Release */,
			);
			defaultConfigurationIsVisible = 0;
			defaultConfigurationName = Release;
		};
/* End XCConfigurationList section */
	};
	rootObject = 3FA3ED532D9965F30043821F /* Project object */;
}
